
Microsoft Visual Studio Solution File, Format Version 12.00
# Visual Studio Version 16
VisualStudioVersion = 16.0.31702.278
MinimumVisualStudioVersion = 10.0.40219.1
Project("{FAE04EC0-301F-11D3-BF4B-00C04F79EFBC}") = "GameDevTask2", "GameDevTask2\GameDevTask2.csproj", "{32A6D037-4CC1-4B4C-BD1E-EA61F89372AD}"
EndProject
Global
	GlobalSection(SolutionConfigurationPlatforms) = preSolution
		Debug|Any CPU = Debug|Any CPU
		Release|Any CPU = Release|Any CPU
	EndGlobalSection
	GlobalSection(ProjectConfigurationPlatforms) = postSolution
		{32A6D037-4CC1-4B4C-BD1E-EA61F89372AD}.Debug|Any CPU.ActiveCfg = Debug|Any CPU
		{32A6D037-4CC1-4B4C-BD1E-EA61F89372AD}.Debug|Any CPU.Build.0 = Debug|Any CPU
		{32A6D037-4CC1-4B4C-BD1E-EA61F89372AD}.Release|Any CPU.ActiveCfg = Release|Any CPU
		{32A6D037-4CC1-4B4C-BD1E-EA61F89372AD}.Release|Any CPU.Build.0 = Release|Any CPU
	EndGlobalSection
	GlobalSection(SolutionProperties) = preSolution
		HideSolutionNode = FALSE
	EndGlobalSection
	GlobalSection(ExtensibilityGlobals) = postSolution
		SolutionGuid = {597FEBF1-A1BD-452E-B237-D4C6626F3ED1}
	EndGlobalSection
EndGlobal
